
Microsoft Visual Studio Solution File, Format Version 12.00
# Visual Studio Version 17
VisualStudioVersion = 17.5.002.0
MinimumVisualStudioVersion = 10.0.40219.1
Project("{9A19103F-16F7-4668-BE54-9A1E7A4F7556}") = "TrabalhoRedes", "TrabalhoRedes.csproj", "{691D3FEC-E942-4D2D-9661-1D7E1E592DA5}"
EndProject
Global
	GlobalSection(SolutionConfigurationPlatforms) = preSolution
		Debug|Any CPU = Debug|Any CPU
		Release|Any CPU = Release|Any CPU
	EndGlobalSection
	GlobalSection(ProjectConfigurationPlatforms) = postSolution
		{691D3FEC-E942-4D2D-9661-1D7E1E592DA5}.Debug|Any CPU.ActiveCfg = Debug|Any CPU
		{691D3FEC-E942-4D2D-9661-1D7E1E592DA5}.Debug|Any CPU.Build.0 = Debug|Any CPU
		{691D3FEC-E942-4D2D-9661-1D7E1E592DA5}.Release|Any CPU.ActiveCfg = Release|Any CPU
		{691D3FEC-E942-4D2D-9661-1D7E1E592DA5}.Release|Any CPU.Build.0 = Release|Any CPU
	EndGlobalSection
	GlobalSection(SolutionProperties) = preSolution
		HideSolutionNode = FALSE
	EndGlobalSection
	GlobalSection(ExtensibilityGlobals) = postSolution
		SolutionGuid = {48D46A4A-2F1D-44B2-AB94-66345439671B}
	EndGlobalSection
EndGlobal
